
Microsoft Visual Studio Solution File, Format Version 12.00
# Visual Studio Version 16
VisualStudioVersion = 16.0.33027.164
MinimumVisualStudioVersion = 10.0.40219.1
Project("{FAE04EC0-301F-11D3-BF4B-00C04F79EFBC}") = "干掉Excel多余文本框", "干掉Excel多余文本框.csproj", "{1341E389-0F92-42A8-B51B-922B3A18F794}"
EndProject
Global
	GlobalSection(SolutionConfigurationPlatforms) = preSolution
		Debug|Any CPU = Debug|Any CPU
		Release|Any CPU = Release|Any CPU
	EndGlobalSection
	GlobalSection(ProjectConfigurationPlatforms) = postSolution
		{1341E389-0F92-42A8-B51B-922B3A18F794}.Debug|Any CPU.ActiveCfg = Debug|Any CPU
		{1341E389-0F92-42A8-B51B-922B3A18F794}.Debug|Any CPU.Build.0 = Debug|Any CPU
		{1341E389-0F92-42A8-B51B-922B3A18F794}.Release|Any CPU.ActiveCfg = Release|Any CPU
		{1341E389-0F92-42A8-B51B-922B3A18F794}.Release|Any CPU.Build.0 = Release|Any CPU
	EndGlobalSection
	GlobalSection(SolutionProperties) = preSolution
		HideSolutionNode = FALSE
	EndGlobalSection
	GlobalSection(ExtensibilityGlobals) = postSolution
		SolutionGuid = {E07DB4F7-1FEE-4B2D-A77C-EC7416525812}
	EndGlobalSection
EndGlobal
